github.com/1Password/1password-sdk-core v0.0.0-20231102135542-4f0f2975374b h1:UeY7kkihh9pz/eNjm7mZXhRr6OQYmux5RWsF0TD86ik=
github.com/1Password/1password-sdk-core v0.0.0-20231102135542-4f0f2975374b/go.mod h1:YyhS1OzwlVhHWD3irq2aZJLwA23zrpqZl//Ls7oPgS4=
github.com/1Password/1password-sdk-core v0.0.0-20231102141650-341773ed779d h1:FssF5Y4/Y4DBbgnOwkBhMTuNm6B2vWLCOFMfojywL/s=
github.com/1Password/1password-sdk-core v0.0.0-20231102141650-341773ed779d/go.mod h1:96k+61B446KLEA78aO8UUKSMl5sYgu/FF1PnDuUp9TI=
github.com/1Password/1password-sdk-core v0.0.0-20231102144209-3a7cd5b01a8f h1:s81di/eG/FXyDDX7HQmcWjPeWE0ANZdxhmPZzYzixwM=
github.com/1Password/1password-sdk-core v0.0.0-20231102144209-3a7cd5b01a8f/go.mod h1:96k+61B446KLEA78aO8UUKSMl5sYgu/FF1PnDuUp9TI=
