github.com/1password/1password-sdk-core v0.0.0-20231107102543-d99337fb333d h1:NsNR7Xhg/qI4oRdLAV//CZNRYPUs0bduGR2CFkvQuTw=
github.com/1password/1password-sdk-core v0.0.0-20231107102543-d99337fb333d/go.mod h1:cu7UmTGFVCOAZs1ILHCmYxZtkH+cSJAWlwLDR0G1Mac=
github.com/1password/1password-sdk-core v0.0.0-20231109113556-d8bee947bfb1 h1:dFPTVJYXhcE8U7iIGvGhoVyy6em4lRT0zPu71RJmSSo=
github.com/1password/1password-sdk-core v0.0.0-20231109113556-d8bee947bfb1/go.mod h1:cu7UmTGFVCOAZs1ILHCmYxZtkH+cSJAWlwLDR0G1Mac=
github.com/1password/1password-sdk-core v0.0.0-20231109115949-b52de89f6397 h1://KglLqIRGOxYOO0++pmfvmAiCmdfoNczk2uDn05wN8=
github.com/1password/1password-sdk-core v0.0.0-20231109115949-b52de89f6397/go.mod h1:cu7UmTGFVCOAZs1ILHCmYxZtkH+cSJAWlwLDR0G1Mac=
github.com/1password/1password-sdk-core v0.0.0-20231109121428-1c2312094cea h1:PEC9ska/p2FmWb0fgvfzBBx9D024V3D2lLAUlh31hZw=
github.com/1password/1password-sdk-core v0.0.0-20231109121428-1c2312094cea/go.mod h1:cu7UmTGFVCOAZs1ILHCmYxZtkH+cSJAWlwLDR0G1Mac=
github.com/1password/1password-sdk-core v0.0.0-20231109122653-ae40d9d1e1b2 h1:Jw/jgyYLOh4rI2OU0te8m5kdn43myv7G60AswS8z0jk=
github.com/1password/1password-sdk-core v0.0.0-20231109122653-ae40d9d1e1b2/go.mod h1:cu7UmTGFVCOAZs1ILHCmYxZtkH+cSJAWlwLDR0G1Mac=
github.com/1password/1password-sdk-core v0.0.0-20231109124636-f7a8d265e230 h1:LvG0iXKe+AwRWx8N7noxDhNDJE8RFZIYXm+GpRXdFA4=
github.com/1password/1password-sdk-core v0.0.0-20231109124636-f7a8d265e230/go.mod h1:cu7UmTGFVCOAZs1ILHCmYxZtkH+cSJAWlwLDR0G1Mac=
